// !$*UTF8*$!
{
	archiveVersion = 1;
	classes = {
	};
	objectVersion = 51;
	objects = {

/* Begin PBXBuildFile section */
		3089E61D0365516EF9CD72FB /* Pods_SkyEngTest.framework in Frameworks */ = {isa = PBXBuildFile; fileRef = 7EA957B179EC216EE30B5CBA /* Pods_SkyEngTest.framework */; };
		B54D25F22493BFA400FE314E /* WordsTVC.swift in Sources */ = {isa = PBXBuildFile; fileRef = B54D25F12493BFA400FE314E /* WordsTVC.swift */; };
		B54D25F62493C3A200FE314E /* MeaningVC.swift in Sources */ = {isa = PBXBuildFile; fileRef = B54D25F52493C3A200FE314E /* MeaningVC.swift */; };
		B54D25FA2493CA1700FE314E /* ScrollVC.swift in Sources */ = {isa = PBXBuildFile; fileRef = B54D25F92493CA1700FE314E /* ScrollVC.swift */; };
		B54D25FC2493CD5B00FE314E /* FullMeaning.swift in Sources */ = {isa = PBXBuildFile; fileRef = B54D25FB2493CD5B00FE314E /* FullMeaning.swift */; };
		B54D25FE2493CDA800FE314E /* Properties.swift in Sources */ = {isa = PBXBuildFile; fileRef = B54D25FD2493CDA800FE314E /* Properties.swift */; };
		B54D26002493CE7400FE314E /* Image.swift in Sources */ = {isa = PBXBuildFile; fileRef = B54D25FF2493CE7400FE314E /* Image.swift */; };
		B54D26022493CEA900FE314E /* Definition.swift in Sources */ = {isa = PBXBuildFile; fileRef = B54D26012493CEA900FE314E /* Definition.swift */; };
		B54D26042493CEE000FE314E /* Example.swift in Sources */ = {isa = PBXBuildFile; fileRef = B54D26032493CEE000FE314E /* Example.swift */; };
		B54D26062493CF3800FE314E /* SimilarMeaning.swift in Sources */ = {isa = PBXBuildFile; fileRef = B54D26052493CF3800FE314E /* SimilarMeaning.swift */; };
		B54D26082493CF9C00FE314E /* AlternativeTranslation.swift in Sources */ = {isa = PBXBuildFile; fileRef = B54D26072493CF9C00FE314E /* AlternativeTranslation.swift */; };
		B54D260B2493D2D900FE314E /* SEDateFormatter.swift in Sources */ = {isa = PBXBuildFile; fileRef = B54D260A2493D2D900FE314E /* SEDateFormatter.swift */; };
		B54D260D2494001000FE314E /* Constants.swift in Sources */ = {isa = PBXBuildFile; fileRef = B54D260C2494001000FE314E /* Constants.swift */; };
		B54D26152494D61900FE314E /* SkyEngTestTests.swift in Sources */ = {isa = PBXBuildFile; fileRef = B54D26142494D61900FE314E /* SkyEngTestTests.swift */; };
		B54D261D2494E7A700FE314E /* TranslateVM.swift in Sources */ = {isa = PBXBuildFile; fileRef = B54D261C2494E7A700FE314E /* TranslateVM.swift */; };
		B54D261F2494ECB900FE314E /* MeaningVM.swift in Sources */ = {isa = PBXBuildFile; fileRef = B54D261E2494ECB900FE314E /* MeaningVM.swift */; };
		B54D26212494F16E00FE314E /* TransalateVMTests.swift in Sources */ = {isa = PBXBuildFile; fileRef = B54D26202494F16E00FE314E /* TransalateVMTests.swift */; };
		B5B301D1249399170086FFC8 /* AppDelegate.swift in Sources */ = {isa = PBXBuildFile; fileRef = B5B301D0249399170086FFC8 /* AppDelegate.swift */; };
		B5B301D3249399170086FFC8 /* SceneDelegate.swift in Sources */ = {isa = PBXBuildFile; fileRef = B5B301D2249399170086FFC8 /* SceneDelegate.swift */; };
		B5B301DA249399190086FFC8 /* Assets.xcassets in Resources */ = {isa = PBXBuildFile; fileRef = B5B301D9249399190086FFC8 /* Assets.xcassets */; };
		B5B301DD249399190086FFC8 /* LaunchScreen.storyboard in Resources */ = {isa = PBXBuildFile; fileRef = B5B301DB249399190086FFC8 /* LaunchScreen.storyboard */; };
		B5B301E524939CF20086FFC8 /* TranslateVC.swift in Sources */ = {isa = PBXBuildFile; fileRef = B5B301E424939CF20086FFC8 /* TranslateVC.swift */; };
		B5B301EB24939F610086FFC8 /* BaseRouter.swift in Sources */ = {isa = PBXBuildFile; fileRef = B5B301EA24939F610086FFC8 /* BaseRouter.swift */; };
		B5B301F42493A8AB0086FFC8 /* Configuration.swift in Sources */ = {isa = PBXBuildFile; fileRef = B5B301F32493A8AB0086FFC8 /* Configuration.swift */; };
		B5B301F72493A9050086FFC8 /* RWords.swift in Sources */ = {isa = PBXBuildFile; fileRef = B5B301F62493A9050086FFC8 /* RWords.swift */; };
		B5B301F92493A95A0086FFC8 /* API.swift in Sources */ = {isa = PBXBuildFile; fileRef = B5B301F82493A95A0086FFC8 /* API.swift */; };
		B5B301FB2493AB040086FFC8 /* RMeanings.swift in Sources */ = {isa = PBXBuildFile; fileRef = B5B301FA2493AB040086FFC8 /* RMeanings.swift */; };
		B5B301FD2493AC410086FFC8 /* NetworkManager.swift in Sources */ = {isa = PBXBuildFile; fileRef = B5B301FC2493AC410086FFC8 /* NetworkManager.swift */; };
		B5B301FF2493AC940086FFC8 /* Meaning.swift in Sources */ = {isa = PBXBuildFile; fileRef = B5B301FE2493AC940086FFC8 /* Meaning.swift */; };
		B5B302012493ACCA0086FFC8 /* Translation.swift in Sources */ = {isa = PBXBuildFile; fileRef = B5B302002493ACCA0086FFC8 /* Translation.swift */; };
		B5B302032493AD440086FFC8 /* Word.swift in Sources */ = {isa = PBXBuildFile; fileRef = B5B302022493AD440086FFC8 /* Word.swift */; };
		B5B302052493AE080086FFC8 /* ESpeechCode.swift in Sources */ = {isa = PBXBuildFile; fileRef = B5B302042493AE080086FFC8 /* ESpeechCode.swift */; };
		B5B302072493B9550086FFC8 /* ApiClient.swift in Sources */ = {isa = PBXBuildFile; fileRef = B5B302062493B9550086FFC8 /* ApiClient.swift */; };
		B5E77FCE24964D4A000DD642 /* meaning.json in Resources */ = {isa = PBXBuildFile; fileRef = B5E77FCC24964D49000DD642 /* meaning.json */; };
		B5E77FCF24964D4A000DD642 /* words.json in Resources */ = {isa = PBXBuildFile; fileRef = B5E77FCD24964D49000DD642 /* words.json */; };
/* End PBXBuildFile section */

/* Begin PBXContainerItemProxy section */
		B54D26172494D61900FE314E /* PBXContainerItemProxy */ = {
			isa = PBXContainerItemProxy;
			containerPortal = B5B301C5249399170086FFC8 /* Project object */;
			proxyType = 1;
			remoteGlobalIDString = B5B301CC249399170086FFC8;
			remoteInfo = SkyEngTest;
		};
/* End PBXContainerItemProxy section */

/* Begin PBXFileReference section */
		0F5F42B6F7B0ACF0E1A31529 /* Pods-SkyEngTest.release.xcconfig */ = {isa = PBXFileReference; includeInIndex = 1; lastKnownFileType = text.xcconfig; name = "Pods-SkyEngTest.release.xcconfig"; path = "Target Support Files/Pods-SkyEngTest/Pods-SkyEngTest.release.xcconfig"; sourceTree = "<group>"; };
		7EA957B179EC216EE30B5CBA /* Pods_SkyEngTest.framework */ = {isa = PBXFileReference; explicitFileType = wrapper.framework; includeInIndex = 0; path = Pods_SkyEngTest.framework; sourceTree = BUILT_PRODUCTS_DIR; };
		B54D25F12493BFA400FE314E /* WordsTVC.swift */ = {isa = PBXFileReference; lastKnownFileType = sourcecode.swift; path = WordsTVC.swift; sourceTree = "<group>"; };
		B54D25F52493C3A200FE314E /* MeaningVC.swift */ = {isa = PBXFileReference; lastKnownFileType = sourcecode.swift; path = MeaningVC.swift; sourceTree = "<group>"; };
		B54D25F92493CA1700FE314E /* ScrollVC.swift */ = {isa = PBXFileReference; lastKnownFileType = sourcecode.swift; path = ScrollVC.swift; sourceTree = "<group>"; };
		B54D25FB2493CD5B00FE314E /* FullMeaning.swift */ = {isa = PBXFileReference; lastKnownFileType = sourcecode.swift; path = FullMeaning.swift; sourceTree = "<group>"; };
		B54D25FD2493CDA800FE314E /* Properties.swift */ = {isa = PBXFileReference; lastKnownFileType = sourcecode.swift; path = Properties.swift; sourceTree = "<group>"; };
		B54D25FF2493CE7400FE314E /* Image.swift */ = {isa = PBXFileReference; lastKnownFileType = sourcecode.swift; path = Image.swift; sourceTree = "<group>"; };
		B54D26012493CEA900FE314E /* Definition.swift */ = {isa = PBXFileReference; lastKnownFileType = sourcecode.swift; path = Definition.swift; sourceTree = "<group>"; };
		B54D26032493CEE000FE314E /* Example.swift */ = {isa = PBXFileReference; lastKnownFileType = sourcecode.swift; path = Example.swift; sourceTree = "<group>"; };
		B54D26052493CF3800FE314E /* SimilarMeaning.swift */ = {isa = PBXFileReference; lastKnownFileType = sourcecode.swift; path = SimilarMeaning.swift; sourceTree = "<group>"; };
		B54D26072493CF9C00FE314E /* AlternativeTranslation.swift */ = {isa = PBXFileReference; lastKnownFileType = sourcecode.swift; path = AlternativeTranslation.swift; sourceTree = "<group>"; };
		B54D260A2493D2D900FE314E /* SEDateFormatter.swift */ = {isa = PBXFileReference; lastKnownFileType = sourcecode.swift; path = SEDateFormatter.swift; sourceTree = "<group>"; };
		B54D260C2494001000FE314E /* Constants.swift */ = {isa = PBXFileReference; lastKnownFileType = sourcecode.swift; path = Constants.swift; sourceTree = "<group>"; };
		B54D26122494D61900FE314E /* SkyEngTestTests.xctest */ = {isa = PBXFileReference; explicitFileType = wrapper.cfbundle; includeInIndex = 0; path = SkyEngTestTests.xctest; sourceTree = BUILT_PRODUCTS_DIR; };
		B54D26142494D61900FE314E /* SkyEngTestTests.swift */ = {isa = PBXFileReference; lastKnownFileType = sourcecode.swift; path = SkyEngTestTests.swift; sourceTree = "<group>"; };
		B54D26162494D61900FE314E /* Info.plist */ = {isa = PBXFileReference; lastKnownFileType = text.plist.xml; path = Info.plist; sourceTree = "<group>"; };
		B54D261C2494E7A700FE314E /* TranslateVM.swift */ = {isa = PBXFileReference; lastKnownFileType = sourcecode.swift; path = TranslateVM.swift; sourceTree = "<group>"; };
		B54D261E2494ECB900FE314E /* MeaningVM.swift */ = {isa = PBXFileReference; lastKnownFileType = sourcecode.swift; path = MeaningVM.swift; sourceTree = "<group>"; };
		B54D26202494F16E00FE314E /* TransalateVMTests.swift */ = {isa = PBXFileReference; lastKnownFileType = sourcecode.swift; path = TransalateVMTests.swift; sourceTree = "<group>"; };
		B5B301CD249399170086FFC8 /* SkyEngTest.app */ = {isa = PBXFileReference; explicitFileType = wrapper.application; includeInIndex = 0; path = SkyEngTest.app; sourceTree = BUILT_PRODUCTS_DIR; };
		B5B301D0249399170086FFC8 /* AppDelegate.swift */ = {isa = PBXFileReference; lastKnownFileType = sourcecode.swift; path = AppDelegate.swift; sourceTree = "<group>"; };
		B5B301D2249399170086FFC8 /* SceneDelegate.swift */ = {isa = PBXFileReference; lastKnownFileType = sourcecode.swift; path = SceneDelegate.swift; sourceTree = "<group>"; };
		B5B301D9249399190086FFC8 /* Assets.xcassets */ = {isa = PBXFileReference; lastKnownFileType = folder.assetcatalog; path = Assets.xcassets; sourceTree = "<group>"; };
		B5B301DC249399190086FFC8 /* Base */ = {isa = PBXFileReference; lastKnownFileType = file.storyboard; name = Base; path = Base.lproj/LaunchScreen.storyboard; sourceTree = "<group>"; };
		B5B301DE249399190086FFC8 /* Info.plist */ = {isa = PBXFileReference; lastKnownFileType = text.plist.xml; path = Info.plist; sourceTree = "<group>"; };
		B5B301E424939CF20086FFC8 /* TranslateVC.swift */ = {isa = PBXFileReference; lastKnownFileType = sourcecode.swift; path = TranslateVC.swift; sourceTree = "<group>"; };
		B5B301EA24939F610086FFC8 /* BaseRouter.swift */ = {isa = PBXFileReference; lastKnownFileType = sourcecode.swift; path = BaseRouter.swift; sourceTree = "<group>"; };
		B5B301EF2493A06B0086FFC8 /* Base.xcconfig */ = {isa = PBXFileReference; lastKnownFileType = text.xcconfig; path = Base.xcconfig; sourceTree = "<group>"; };
		B5B301F02493A1950086FFC8 /* Debug.xcconfig */ = {isa = PBXFileReference; lastKnownFileType = text.xcconfig; path = Debug.xcconfig; sourceTree = "<group>"; };
		B5B301F12493A1A10086FFC8 /* Release.xcconfig */ = {isa = PBXFileReference; lastKnownFileType = text.xcconfig; path = Release.xcconfig; sourceTree = "<group>"; };
		B5B301F32493A8AB0086FFC8 /* Configuration.swift */ = {isa = PBXFileReference; lastKnownFileType = sourcecode.swift; path = Configuration.swift; sourceTree = "<group>"; };
		B5B301F62493A9050086FFC8 /* RWords.swift */ = {isa = PBXFileReference; lastKnownFileType = sourcecode.swift; path = RWords.swift; sourceTree = "<group>"; };
		B5B301F82493A95A0086FFC8 /* API.swift */ = {isa = PBXFileReference; lastKnownFileType = sourcecode.swift; path = API.swift; sourceTree = "<group>"; };
		B5B301FA2493AB040086FFC8 /* RMeanings.swift */ = {isa = PBXFileReference; lastKnownFileType = sourcecode.swift; path = RMeanings.swift; sourceTree = "<group>"; };
		B5B301FC2493AC410086FFC8 /* NetworkManager.swift */ = {isa = PBXFileReference; lastKnownFileType = sourcecode.swift; path = NetworkManager.swift; sourceTree = "<group>"; };
		B5B301FE2493AC940086FFC8 /* Meaning.swift */ = {isa = PBXFileReference; lastKnownFileType = sourcecode.swift; path = Meaning.swift; sourceTree = "<group>"; };
		B5B302002493ACCA0086FFC8 /* Translation.swift */ = {isa = PBXFileReference; lastKnownFileType = sourcecode.swift; path = Translation.swift; sourceTree = "<group>"; };
		B5B302022493AD440086FFC8 /* Word.swift */ = {isa = PBXFileReference; lastKnownFileType = sourcecode.swift; path = Word.swift; sourceTree = "<group>"; };
		B5B302042493AE080086FFC8 /* ESpeechCode.swift */ = {isa = PBXFileReference; lastKnownFileType = sourcecode.swift; path = ESpeechCode.swift; sourceTree = "<group>"; };
		B5B302062493B9550086FFC8 /* ApiClient.swift */ = {isa = PBXFileReference; lastKnownFileType = sourcecode.swift; path = ApiClient.swift; sourceTree = "<group>"; };
		B5E77FCC24964D49000DD642 /* meaning.json */ = {isa = PBXFileReference; fileEncoding = 4; lastKnownFileType = text.json; path = meaning.json; sourceTree = "<group>"; };
		B5E77FCD24964D49000DD642 /* words.json */ = {isa = PBXFileReference; fileEncoding = 4; lastKnownFileType = text.json; path = words.json; sourceTree = "<group>"; };
		BB72F9045B0A07CEF310419A /* Pods-SkyEngTest.debug.xcconfig */ = {isa = PBXFileReference; includeInIndex = 1; lastKnownFileType = text.xcconfig; name = "Pods-SkyEngTest.debug.xcconfig"; path = "Target Support Files/Pods-SkyEngTest/Pods-SkyEngTest.debug.xcconfig"; sourceTree = "<group>"; };
/* End PBXFileReference section */

/* Begin PBXFrameworksBuildPhase section */
		B54D260F2494D61900FE314E /* Frameworks */ = {
			isa = PBXFrameworksBuildPhase;
			buildActionMask = 2147483647;
			files = (
			);
			runOnlyForDeploymentPostprocessing = 0;
		};
		B5B301CA249399170086FFC8 /* Frameworks */ = {
			isa = PBXFrameworksBuildPhase;
			buildActionMask = 2147483647;
			files = (
				3089E61D0365516EF9CD72FB /* Pods_SkyEngTest.framework in Frameworks */,
			);
			runOnlyForDeploymentPostprocessing = 0;
		};
/* End PBXFrameworksBuildPhase section */

/* Begin PBXGroup section */
		403B2AC01880F8AD866C7B3C /* Frameworks */ = {
			isa = PBXGroup;
			children = (
				7EA957B179EC216EE30B5CBA /* Pods_SkyEngTest.framework */,
			);
			name = Frameworks;
			sourceTree = "<group>";
		};
		AA0C321776A47E1C6ECB9375 /* Pods */ = {
			isa = PBXGroup;
			children = (
				BB72F9045B0A07CEF310419A /* Pods-SkyEngTest.debug.xcconfig */,
				0F5F42B6F7B0ACF0E1A31529 /* Pods-SkyEngTest.release.xcconfig */,
			);
			path = Pods;
			sourceTree = "<group>";
		};
		B54D25F32493C36A00FE314E /* Translate */ = {
			isa = PBXGroup;
			children = (
				B5B301E424939CF20086FFC8 /* TranslateVC.swift */,
				B54D25F12493BFA400FE314E /* WordsTVC.swift */,
				B54D261C2494E7A700FE314E /* TranslateVM.swift */,
			);
			path = Translate;
			sourceTree = "<group>";
		};
		B54D25F42493C37C00FE314E /* Meaning */ = {
			isa = PBXGroup;
			children = (
				B54D25F52493C3A200FE314E /* MeaningVC.swift */,
				B54D261E2494ECB900FE314E /* MeaningVM.swift */,
			);
			path = Meaning;
			sourceTree = "<group>";
		};
		B54D25F82493CA0C00FE314E /* Base */ = {
			isa = PBXGroup;
			children = (
				B54D25F92493CA1700FE314E /* ScrollVC.swift */,
			);
			path = Base;
			sourceTree = "<group>";
		};
		B54D26092493D2B800FE314E /* Utils */ = {
			isa = PBXGroup;
			children = (
				B54D260A2493D2D900FE314E /* SEDateFormatter.swift */,
				B54D260C2494001000FE314E /* Constants.swift */,
			);
			path = Utils;
			sourceTree = "<group>";
		};
		B54D26132494D61900FE314E /* SkyEngTestTests */ = {
			isa = PBXGroup;
			children = (
				B5E77FD024964D53000DD642 /* Response */,
				B54D26142494D61900FE314E /* SkyEngTestTests.swift */,
				B54D26162494D61900FE314E /* Info.plist */,
				B54D26202494F16E00FE314E /* TransalateVMTests.swift */,
			);
			path = SkyEngTestTests;
			sourceTree = "<group>";
		};
		B5B301C4249399170086FFC8 = {
			isa = PBXGroup;
			children = (
				B5B301E624939E5A0086FFC8 /* Source */,
				B5B301CF249399170086FFC8 /* SkyEngTest */,
				B54D26132494D61900FE314E /* SkyEngTestTests */,
				B5B301CE249399170086FFC8 /* Products */,
				AA0C321776A47E1C6ECB9375 /* Pods */,
				403B2AC01880F8AD866C7B3C /* Frameworks */,
			);
			sourceTree = "<group>";
		};
		B5B301CE249399170086FFC8 /* Products */ = {
			isa = PBXGroup;
			children = (
				B5B301CD249399170086FFC8 /* SkyEngTest.app */,
				B54D26122494D61900FE314E /* SkyEngTestTests.xctest */,
			);
			name = Products;
			sourceTree = "<group>";
		};
		B5B301CF249399170086FFC8 /* SkyEngTest */ = {
			isa = PBXGroup;
			children = (
				B5B301D0249399170086FFC8 /* AppDelegate.swift */,
				B5B301D2249399170086FFC8 /* SceneDelegate.swift */,
				B5B301D9249399190086FFC8 /* Assets.xcassets */,
				B5B301DB249399190086FFC8 /* LaunchScreen.storyboard */,
				B5B301DE249399190086FFC8 /* Info.plist */,
			);
			path = SkyEngTest;
			sourceTree = "<group>";
		};
		B5B301E624939E5A0086FFC8 /* Source */ = {
			isa = PBXGroup;
			children = (
				B54D26092493D2B800FE314E /* Utils */,
				B5B301F22493A89F0086FFC8 /* Models */,
				B5B301EC24939FC50086FFC8 /* Configuration */,
				B5B301E724939E740086FFC8 /* Modules */,
				B5B301E824939E870086FFC8 /* Network */,
			);
			path = Source;
			sourceTree = "<group>";
		};
		B5B301E724939E740086FFC8 /* Modules */ = {
			isa = PBXGroup;
			children = (
				B54D25F82493CA0C00FE314E /* Base */,
				B54D25F42493C37C00FE314E /* Meaning */,
				B54D25F32493C36A00FE314E /* Translate */,
			);
			path = Modules;
			sourceTree = "<group>";
		};
		B5B301E824939E870086FFC8 /* Network */ = {
			isa = PBXGroup;
			children = (
				B5B301F52493A8E50086FFC8 /* API */,
				B5B301E924939F550086FFC8 /* Base */,
				B5B301FC2493AC410086FFC8 /* NetworkManager.swift */,
				B5B302062493B9550086FFC8 /* ApiClient.swift */,
			);
			path = Network;
			sourceTree = "<group>";
		};
		B5B301E924939F550086FFC8 /* Base */ = {
			isa = PBXGroup;
			children = (
				B5B301EA24939F610086FFC8 /* BaseRouter.swift */,
			);
			path = Base;
			sourceTree = "<group>";
		};
		B5B301EC24939FC50086FFC8 /* Configuration */ = {
			isa = PBXGroup;
			children = (
				B5B301F32493A8AB0086FFC8 /* Configuration.swift */,
				B5B301EF2493A06B0086FFC8 /* Base.xcconfig */,
				B5B301F02493A1950086FFC8 /* Debug.xcconfig */,
				B5B301F12493A1A10086FFC8 /* Release.xcconfig */,
			);
			path = Configuration;
			sourceTree = "<group>";
		};
		B5B301F22493A89F0086FFC8 /* Models */ = {
			isa = PBXGroup;
			children = (
				B5B301FE2493AC940086FFC8 /* Meaning.swift */,
				B5B302002493ACCA0086FFC8 /* Translation.swift */,
				B5B302022493AD440086FFC8 /* Word.swift */,
				B5B302042493AE080086FFC8 /* ESpeechCode.swift */,
				B54D25FB2493CD5B00FE314E /* FullMeaning.swift */,
				B54D25FD2493CDA800FE314E /* Properties.swift */,
				B54D25FF2493CE7400FE314E /* Image.swift */,
				B54D26012493CEA900FE314E /* Definition.swift */,
				B54D26032493CEE000FE314E /* Example.swift */,
				B54D26052493CF3800FE314E /* SimilarMeaning.swift */,
				B54D26072493CF9C00FE314E /* AlternativeTranslation.swift */,
			);
			path = Models;
			sourceTree = "<group>";
		};
		B5B301F52493A8E50086FFC8 /* API */ = {
			isa = PBXGroup;
			children = (
				B5B301F62493A9050086FFC8 /* RWords.swift */,
				B5B301F82493A95A0086FFC8 /* API.swift */,
				B5B301FA2493AB040086FFC8 /* RMeanings.swift */,
			);
			path = API;
			sourceTree = "<group>";
		};
		B5E77FD024964D53000DD642 /* Response */ = {
			isa = PBXGroup;
			children = (
				B5E77FCC24964D49000DD642 /* meaning.json */,
				B5E77FCD24964D49000DD642 /* words.json */,
			);
			name = Response;
			sourceTree = "<group>";
		};
/* End PBXGroup section */

/* Begin PBXNativeTarget section */
		B54D26112494D61900FE314E /* SkyEngTestTests */ = {
			isa = PBXNativeTarget;
			buildConfigurationList = B54D261B2494D61900FE314E /* Build configuration list for PBXNativeTarget "SkyEngTestTests" */;
			buildPhases = (
				B54D260E2494D61900FE314E /* Sources */,
				B54D260F2494D61900FE314E /* Frameworks */,
				B54D26102494D61900FE314E /* Resources */,
			);
			buildRules = (
			);
			dependencies = (
				B54D26182494D61900FE314E /* PBXTargetDependency */,
			);
			name = SkyEngTestTests;
			productName = SkyEngTestTests;
			productReference = B54D26122494D61900FE314E /* SkyEngTestTests.xctest */;
			productType = "com.apple.product-type.bundle.unit-test";
		};
		B5B301CC249399170086FFC8 /* SkyEngTest */ = {
			isa = PBXNativeTarget;
			buildConfigurationList = B5B301E1249399190086FFC8 /* Build configuration list for PBXNativeTarget "SkyEngTest" */;
			buildPhases = (
				4E93ED87D7FBD724105DA6BD /* [CP] Check Pods Manifest.lock */,
				B5B301C9249399170086FFC8 /* Sources */,
				B5B301CA249399170086FFC8 /* Frameworks */,
				B5B301CB249399170086FFC8 /* Resources */,
				A7CE3499244848937626A698 /* [CP] Embed Pods Frameworks */,
			);
			buildRules = (
			);
			dependencies = (
			);
			name = SkyEngTest;
			productName = SkyEngTest;
			productReference = B5B301CD249399170086FFC8 /* SkyEngTest.app */;
			productType = "com.apple.product-type.application";
		};
/* End PBXNativeTarget section */

/* Begin PBXProject section */
		B5B301C5249399170086FFC8 /* Project object */ = {
			isa = PBXProject;
			attributes = {
				LastSwiftUpdateCheck = 1150;
				LastUpgradeCheck = 1150;
				ORGANIZATIONNAME = Abaikirov;
				TargetAttributes = {
					B54D26112494D61900FE314E = {
						CreatedOnToolsVersion = 11.5;
						TestTargetID = B5B301CC249399170086FFC8;
					};
					B5B301CC249399170086FFC8 = {
						CreatedOnToolsVersion = 11.5;
					};
				};
			};
			buildConfigurationList = B5B301C8249399170086FFC8 /* Build configuration list for PBXProject "SkyEngTest" */;
			compatibilityVersion = "Xcode 9.3";
			developmentRegion = en;
			hasScannedForEncodings = 0;
			knownRegions = (
				en,
				Base,
			);
			mainGroup = B5B301C4249399170086FFC8;
			productRefGroup = B5B301CE249399170086FFC8 /* Products */;
			projectDirPath = "";
			projectRoot = "";
			targets = (
				B5B301CC249399170086FFC8 /* SkyEngTest */,
				B54D26112494D61900FE314E /* SkyEngTestTests */,
			);
		};
/* End PBXProject section */

/* Begin PBXResourcesBuildPhase section */
		B54D26102494D61900FE314E /* Resources */ = {
			isa = PBXResourcesBuildPhase;
			buildActionMask = 2147483647;
			files = (
				B5E77FCE24964D4A000DD642 /* meaning.json in Resources */,
				B5E77FCF24964D4A000DD642 /* words.json in Resources */,
			);
			runOnlyForDeploymentPostprocessing = 0;
		};
		B5B301CB249399170086FFC8 /* Resources */ = {
			isa = PBXResourcesBuildPhase;
			buildActionMask = 2147483647;
			files = (
				B5B301DD249399190086FFC8 /* LaunchScreen.storyboard in Resources */,
				B5B301DA249399190086FFC8 /* Assets.xcassets in Resources */,
			);
			runOnlyForDeploymentPostprocessing = 0;
		};
/* End PBXResourcesBuildPhase section */

/* Begin PBXShellScriptBuildPhase section */
		4E93ED87D7FBD724105DA6BD /* [CP] Check Pods Manifest.lock */ = {
			isa = PBXShellScriptBuildPhase;
			buildActionMask = 2147483647;
			files = (
			);
			inputFileListPaths = (
			);
			inputPaths = (
				"${PODS_PODFILE_DIR_PATH}/Podfile.lock",
				"${PODS_ROOT}/Manifest.lock",
			);
			name = "[CP] Check Pods Manifest.lock";
			outputFileListPaths = (
			);
			outputPaths = (
				"$(DERIVED_FILE_DIR)/Pods-SkyEngTest-checkManifestLockResult.txt",
			);
			runOnlyForDeploymentPostprocessing = 0;
			shellPath = /bin/sh;
			shellScript = "diff \"${PODS_PODFILE_DIR_PATH}/Podfile.lock\" \"${PODS_ROOT}/Manifest.lock\" > /dev/null\nif [ $? != 0 ] ; then\n    # print error to STDERR\n    echo \"error: The sandbox is not in sync with the Podfile.lock. Run 'pod install' or update your CocoaPods installation.\" >&2\n    exit 1\nfi\n# This output is used by Xcode 'outputs' to avoid re-running this script phase.\necho \"SUCCESS\" > \"${SCRIPT_OUTPUT_FILE_0}\"\n";
			showEnvVarsInLog = 0;
		};
		A7CE3499244848937626A698 /* [CP] Embed Pods Frameworks */ = {
			isa = PBXShellScriptBuildPhase;
			buildActionMask = 2147483647;
			files = (
			);
			inputFileListPaths = (
				"${PODS_ROOT}/Target Support Files/Pods-SkyEngTest/Pods-SkyEngTest-frameworks-${CONFIGURATION}-input-files.xcfilelist",
			);
			name = "[CP] Embed Pods Frameworks";
			outputFileListPaths = (
				"${PODS_ROOT}/Target Support Files/Pods-SkyEngTest/Pods-SkyEngTest-frameworks-${CONFIGURATION}-output-files.xcfilelist",
			);
			runOnlyForDeploymentPostprocessing = 0;
			shellPath = /bin/sh;
			shellScript = "\"${PODS_ROOT}/Target Support Files/Pods-SkyEngTest/Pods-SkyEngTest-frameworks.sh\"\n";
			showEnvVarsInLog = 0;
		};
/* End PBXShellScriptBuildPhase section */

/* Begin PBXSourcesBuildPhase section */
		B54D260E2494D61900FE314E /* Sources */ = {
			isa = PBXSourcesBuildPhase;
			buildActionMask = 2147483647;
			files = (
				B54D26152494D61900FE314E /* SkyEngTestTests.swift in Sources */,
				B54D26212494F16E00FE314E /* TransalateVMTests.swift in Sources */,
			);
			runOnlyForDeploymentPostprocessing = 0;
		};
		B5B301C9249399170086FFC8 /* Sources */ = {
			isa = PBXSourcesBuildPhase;
			buildActionMask = 2147483647;
			files = (
				B5B301FD2493AC410086FFC8 /* NetworkManager.swift in Sources */,
				B54D25F22493BFA400FE314E /* WordsTVC.swift in Sources */,
				B54D25F62493C3A200FE314E /* MeaningVC.swift in Sources */,
				B5B301D1249399170086FFC8 /* AppDelegate.swift in Sources */,
				B54D26022493CEA900FE314E /* Definition.swift in Sources */,
				B54D25FE2493CDA800FE314E /* Properties.swift in Sources */,
				B54D26042493CEE000FE314E /* Example.swift in Sources */,
				B54D260D2494001000FE314E /* Constants.swift in Sources */,
				B54D261F2494ECB900FE314E /* MeaningVM.swift in Sources */,
				B5B301F72493A9050086FFC8 /* RWords.swift in Sources */,
				B5B302012493ACCA0086FFC8 /* Translation.swift in Sources */,
				B5B301FB2493AB040086FFC8 /* RMeanings.swift in Sources */,
				B5B302032493AD440086FFC8 /* Word.swift in Sources */,
				B54D26002493CE7400FE314E /* Image.swift in Sources */,
				B54D26062493CF3800FE314E /* SimilarMeaning.swift in Sources */,
				B54D26082493CF9C00FE314E /* AlternativeTranslation.swift in Sources */,
				B5B301F42493A8AB0086FFC8 /* Configuration.swift in Sources */,
				B5B301FF2493AC940086FFC8 /* Meaning.swift in Sources */,
				B54D260B2493D2D900FE314E /* SEDateFormatter.swift in Sources */,
				B5B301D3249399170086FFC8 /* SceneDelegate.swift in Sources */,
				B5B301E524939CF20086FFC8 /* TranslateVC.swift in Sources */,
				B54D25FC2493CD5B00FE314E /* FullMeaning.swift in Sources */,
				B5B302052493AE080086FFC8 /* ESpeechCode.swift in Sources */,
				B5B302072493B9550086FFC8 /* ApiClient.swift in Sources */,
				B5B301EB24939F610086FFC8 /* BaseRouter.swift in Sources */,
				B54D25FA2493CA1700FE314E /* ScrollVC.swift in Sources */,
				B5B301F92493A95A0086FFC8 /* API.swift in Sources */,
				B54D261D2494E7A700FE314E /* TranslateVM.swift in Sources */,
			);
			runOnlyForDeploymentPostprocessing = 0;
		};
/* End PBXSourcesBuildPhase section */

/* Begin PBXTargetDependency section */
		B54D26182494D61900FE314E /* PBXTargetDependency */ = {
			isa = PBXTargetDependency;
			target = B5B301CC249399170086FFC8 /* SkyEngTest */;
			targetProxy = B54D26172494D61900FE314E /* PBXContainerItemProxy */;
		};
/* End PBXTargetDependency section */

/* Begin PBXVariantGroup section */
		B5B301DB249399190086FFC8 /* LaunchScreen.storyboard */ = {
			isa = PBXVariantGroup;
			children = (
				B5B301DC249399190086FFC8 /* Base */,
			);
			name = LaunchScreen.storyboard;
			sourceTree = "<group>";
		};
/* End PBXVariantGroup section */

/* Begin XCBuildConfiguration section */
		B54D26192494D61900FE314E /* Debug */ = {
			isa = XCBuildConfiguration;
			buildSettings = {
				BUNDLE_LOADER = "$(TEST_HOST)";
				CODE_SIGN_STYLE = Automatic;
				DEVELOPMENT_TEAM = 693KPRUMV4;
				INFOPLIST_FILE = SkyEngTestTests/Info.plist;
				LD_RUNPATH_SEARCH_PATHS = (
					"$(inherited)",
					"@executable_path/Frameworks",
					"@loader_path/Frameworks",
				);
				PRODUCT_BUNDLE_IDENTIFIER = com.abaikirov.SkyEngTestTests;
				PRODUCT_NAME = "$(TARGET_NAME)";
				SWIFT_VERSION = 5.0;
				TARGETED_DEVICE_FAMILY = "1,2";
				TEST_HOST = "$(BUILT_PRODUCTS_DIR)/SkyEngTest.app/SkyEngTest";
			};
			name = Debug;
		};
		B54D261A2494D61900FE314E /* Release */ = {
			isa = XCBuildConfiguration;
			buildSettings = {
				BUNDLE_LOADER = "$(TEST_HOST)";
				CODE_SIGN_STYLE = Automatic;
				DEVELOPMENT_TEAM = 693KPRUMV4;
				INFOPLIST_FILE = SkyEngTestTests/Info.plist;
				LD_RUNPATH_SEARCH_PATHS = (
					"$(inherited)",
					"@executable_path/Frameworks",
					"@loader_path/Frameworks",
				);
				PRODUCT_BUNDLE_IDENTIFIER = com.abaikirov.SkyEngTestTests;
				PRODUCT_NAME = "$(TARGET_NAME)";
				SWIFT_VERSION = 5.0;
				TARGETED_DEVICE_FAMILY = "1,2";
				TEST_HOST = "$(BUILT_PRODUCTS_DIR)/SkyEngTest.app/SkyEngTest";
			};
			name = Release;
		};
		B5B301DF249399190086FFC8 /* Debug */ = {
			isa = XCBuildConfiguration;
			baseConfigurationReference = B5B301F02493A1950086FFC8 /* Debug.xcconfig */;
			buildSettings = {
				ALWAYS_SEARCH_USER_PATHS = NO;
				CLANG_ANALYZER_NONNULL = YES;
				CLANG_ANALYZER_NUMBER_OBJECT_CONVERSION = YES_AGGRESSIVE;
				CLANG_CXX_LANGUAGE_STANDARD = "gnu++14";
				CLANG_CXX_LIBRARY = "libc++";
				CLANG_ENABLE_MODULES = YES;
				CLANG_ENABLE_OBJC_ARC = YES;
				CLANG_ENABLE_OBJC_WEAK = YES;
				CLANG_WARN_BLOCK_CAPTURE_AUTORELEASING = YES;
				CLANG_WARN_BOOL_CONVERSION = YES;
				CLANG_WARN_COMMA = YES;
				CLANG_WARN_CONSTANT_CONVERSION = YES;
				CLANG_WARN_DEPRECATED_OBJC_IMPLEMENTATIONS = YES;
				CLANG_WARN_DIRECT_OBJC_ISA_USAGE = YES_ERROR;
				CLANG_WARN_DOCUMENTATION_COMMENTS = YES;
				CLANG_WARN_EMPTY_BODY = YES;
				CLANG_WARN_ENUM_CONVERSION = YES;
				CLANG_WARN_INFINITE_RECURSION = YES;
				CLANG_WARN_INT_CONVERSION = YES;
				CLANG_WARN_NON_LITERAL_NULL_CONVERSION = YES;
				CLANG_WARN_OBJC_IMPLICIT_RETAIN_SELF = YES;
				CLANG_WARN_OBJC_LITERAL_CONVERSION = YES;
				CLANG_WARN_OBJC_ROOT_CLASS = YES_ERROR;
				CLANG_WARN_RANGE_LOOP_ANALYSIS = YES;
				CLANG_WARN_STRICT_PROTOTYPES = YES;
				CLANG_WARN_SUSPICIOUS_MOVE = YES;
				CLANG_WARN_UNGUARDED_AVAILABILITY = YES_AGGRESSIVE;
				CLANG_WARN_UNREACHABLE_CODE = YES;
				CLANG_WARN__DUPLICATE_METHOD_MATCH = YES;
				COPY_PHASE_STRIP = NO;
				DEBUG_INFORMATION_FORMAT = dwarf;
				ENABLE_STRICT_OBJC_MSGSEND = YES;
				ENABLE_TESTABILITY = YES;
				GCC_C_LANGUAGE_STANDARD = gnu11;
				GCC_DYNAMIC_NO_PIC = NO;
				GCC_NO_COMMON_BLOCKS = YES;
				GCC_OPTIMIZATION_LEVEL = 0;
				GCC_PREPROCESSOR_DEFINITIONS = (
					"DEBUG=1",
					"$(inherited)",
				);
				GCC_WARN_64_TO_32_BIT_CONVERSION = YES;
				GCC_WARN_ABOUT_RETURN_TYPE = YES_ERROR;
				GCC_WARN_UNDECLARED_SELECTOR = YES;
				GCC_WARN_UNINITIALIZED_AUTOS = YES_AGGRESSIVE;
				GCC_WARN_UNUSED_FUNCTION = YES;
				GCC_WARN_UNUSED_VARIABLE = YES;
				IPHONEOS_DEPLOYMENT_TARGET = 13.5;
				MTL_ENABLE_DEBUG_INFO = INCLUDE_SOURCE;
				MTL_FAST_MATH = YES;
				ONLY_ACTIVE_ARCH = YES;
				SDKROOT = iphoneos;
				SWIFT_ACTIVE_COMPILATION_CONDITIONS = DEBUG;
				SWIFT_OPTIMIZATION_LEVEL = "-Onone";
			};
			name = Debug;
		};
		B5B301E0249399190086FFC8 /* Release */ = {
			isa = XCBuildConfiguration;
			baseConfigurationReference = B5B301F12493A1A10086FFC8 /* Release.xcconfig */;
			buildSettings = {
				ALWAYS_SEARCH_USER_PATHS = NO;
				CLANG_ANALYZER_NONNULL = YES;
				CLANG_ANALYZER_NUMBER_OBJECT_CONVERSION = YES_AGGRESSIVE;
				CLANG_CXX_LANGUAGE_STANDARD = "gnu++14";
				CLANG_CXX_LIBRARY = "libc++";
				CLANG_ENABLE_MODULES = YES;
				CLANG_ENABLE_OBJC_ARC = YES;
				CLANG_ENABLE_OBJC_WEAK = YES;
				CLANG_WARN_BLOCK_CAPTURE_AUTORELEASING = YES;
				CLANG_WARN_BOOL_CONVERSION = YES;
				CLANG_WARN_COMMA = YES;
				CLANG_WARN_CONSTANT_CONVERSION = YES;
				CLANG_WARN_DEPRECATED_OBJC_IMPLEMENTATIONS = YES;
				CLANG_WARN_DIRECT_OBJC_ISA_USAGE = YES_ERROR;
				CLANG_WARN_DOCUMENTATION_COMMENTS = YES;
				CLANG_WARN_EMPTY_BODY = YES;
				CLANG_WARN_ENUM_CONVERSION = YES;
				CLANG_WARN_INFINITE_RECURSION = YES;
				CLANG_WARN_INT_CONVERSION = YES;
				CLANG_WARN_NON_LITERAL_NULL_CONVERSION = YES;
				CLANG_WARN_OBJC_IMPLICIT_RETAIN_SELF = YES;
				CLANG_WARN_OBJC_LITERAL_CONVERSION = YES;
				CLANG_WARN_OBJC_ROOT_CLASS = YES_ERROR;
				CLANG_WARN_RANGE_LOOP_ANALYSIS = YES;
				CLANG_WARN_STRICT_PROTOTYPES = YES;
				CLANG_WARN_SUSPICIOUS_MOVE = YES;
				CLANG_WARN_UNGUARDED_AVAILABILITY = YES_AGGRESSIVE;
				CLANG_WARN_UNREACHABLE_CODE = YES;
				CLANG_WARN__DUPLICATE_METHOD_MATCH = YES;
				COPY_PHASE_STRIP = NO;
				DEBUG_INFORMATION_FORMAT = "dwarf-with-dsym";
				ENABLE_NS_ASSERTIONS = NO;
				ENABLE_STRICT_OBJC_MSGSEND = YES;
				GCC_C_LANGUAGE_STANDARD = gnu11;
				GCC_NO_COMMON_BLOCKS = YES;
				GCC_WARN_64_TO_32_BIT_CONVERSION = YES;
				GCC_WARN_ABOUT_RETURN_TYPE = YES_ERROR;
				GCC_WARN_UNDECLARED_SELECTOR = YES;
				GCC_WARN_UNINITIALIZED_AUTOS = YES_AGGRESSIVE;
				GCC_WARN_UNUSED_FUNCTION = YES;
				GCC_WARN_UNUSED_VARIABLE = YES;
				IPHONEOS_DEPLOYMENT_TARGET = 13.5;
				MTL_ENABLE_DEBUG_INFO = NO;
				MTL_FAST_MATH = YES;
				SDKROOT = iphoneos;
				SWIFT_COMPILATION_MODE = wholemodule;
				SWIFT_OPTIMIZATION_LEVEL = "-O";
				VALIDATE_PRODUCT = YES;
			};
			name = Release;
		};
		B5B301E2249399190086FFC8 /* Debug */ = {
			isa = XCBuildConfiguration;
			baseConfigurationReference = BB72F9045B0A07CEF310419A /* Pods-SkyEngTest.debug.xcconfig */;
			buildSettings = {
				ASSETCATALOG_COMPILER_APPICON_NAME = AppIcon;
				CODE_SIGN_STYLE = Automatic;
				DEVELOPMENT_TEAM = 693KPRUMV4;
				INFOPLIST_FILE = SkyEngTest/Info.plist;
				LD_RUNPATH_SEARCH_PATHS = (
					"$(inherited)",
					"@executable_path/Frameworks",
				);
				PRODUCT_BUNDLE_IDENTIFIER = com.abaikirov.SkyEngTest;
				PRODUCT_NAME = "$(TARGET_NAME)";
				SWIFT_VERSION = 5.0;
				TARGETED_DEVICE_FAMILY = "1,2";
			};
			name = Debug;
		};
		B5B301E3249399190086FFC8 /* Release */ = {
			isa = XCBuildConfiguration;
			baseConfigurationReference = 0F5F42B6F7B0ACF0E1A31529 /* Pods-SkyEngTest.release.xcconfig */;
			buildSettings = {
				ASSETCATALOG_COMPILER_APPICON_NAME = AppIcon;
				CODE_SIGN_STYLE = Automatic;
				DEVELOPMENT_TEAM = 693KPRUMV4;
				INFOPLIST_FILE = SkyEngTest/Info.plist;
				LD_RUNPATH_SEARCH_PATHS = (
					"$(inherited)",
					"@executable_path/Frameworks",
				);
				PRODUCT_BUNDLE_IDENTIFIER = com.abaikirov.SkyEngTest;
				PRODUCT_NAME = "$(TARGET_NAME)";
				SWIFT_VERSION = 5.0;
				TARGETED_DEVICE_FAMILY = "1,2";
			};
			name = Release;
		};
/* End XCBuildConfiguration section */

/* Begin XCConfigurationList section */
		B54D261B2494D61900FE314E /* Build configuration list for PBXNativeTarget "SkyEngTestTests" */ = {
			isa = XCConfigurationList;
			buildConfigurations = (
				B54D26192494D61900FE314E /* Debug */,
				B54D261A2494D61900FE314E /* Release */,
			);
			defaultConfigurationIsVisible = 0;
			defaultConfigurationName = Release;
		};
		B5B301C8249399170086FFC8 /* Build configuration list for PBXProject "SkyEngTest" */ = {
			isa = XCConfigurationList;
			buildConfigurations = (
				B5B301DF249399190086FFC8 /* Debug */,
				B5B301E0249399190086FFC8 /* Release */,
			);
			defaultConfigurationIsVisible = 0;
			defaultConfigurationName = Release;
		};
		B5B301E1249399190086FFC8 /* Build configuration list for PBXNativeTarget "SkyEngTest" */ = {
			isa = XCConfigurationList;
			buildConfigurations = (
				B5B301E2249399190086FFC8 /* Debug */,
				B5B301E3249399190086FFC8 /* Release */,
			);
			defaultConfigurationIsVisible = 0;
			defaultConfigurationName = Release;
		};
/* End XCConfigurationList section */
	};
	rootObject = B5B301C5249399170086FFC8 /* Project object */;
}
